
Microsoft Visual Studio Solution File, Format Version 12.00
# Visual Studio Version 17
VisualStudioVersion = 17.1.32210.238
MinimumVisualStudioVersion = 10.0.40219.1
Project("{FAE04EC0-301F-11D3-BF4B-00C04F79EFBC}") = "School-Management-System-Application", "School-Management-System-Application.csproj", "{AEF69DF0-9B88-4A2A-B39A-AD665CE19B8F}"
EndProject
Global
	GlobalSection(SolutionConfigurationPlatforms) = preSolution
		Debug|Any CPU = Debug|Any CPU
		Release|Any CPU = Release|Any CPU
	EndGlobalSection
	GlobalSection(ProjectConfigurationPlatforms) = postSolution
		{AEF69DF0-9B88-4A2A-B39A-AD665CE19B8F}.Debug|Any CPU.ActiveCfg = Debug|Any CPU
		{AEF69DF0-9B88-4A2A-B39A-AD665CE19B8F}.Debug|Any CPU.Build.0 = Debug|Any CPU
		{AEF69DF0-9B88-4A2A-B39A-AD665CE19B8F}.Release|Any CPU.ActiveCfg = Release|Any CPU
		{AEF69DF0-9B88-4A2A-B39A-AD665CE19B8F}.Release|Any CPU.Build.0 = Release|Any CPU
	EndGlobalSection
	GlobalSection(SolutionProperties) = preSolution
		HideSolutionNode = FALSE
	EndGlobalSection
	GlobalSection(ExtensibilityGlobals) = postSolution
		SolutionGuid = {1A2C6643-1EBF-4F3B-AEA1-705260F202EB}
	EndGlobalSection
EndGlobal
